<?xml version="1.0" encoding="utf-8"?>
<Project ToolsVersion="4.0" xmlns="http://schemas.microsoft.com/developer/msbuild/2003">
  <ItemGroup>
    <Filter Include="源文件">
      <UniqueIdentifier>{4FC737F1-C7A5-4376-A066-2A32D752A2FF}</UniqueIdentifier>
      <Extensions>cpp;c;cc;cxx;def;odl;idl;hpj;bat;asm;asmx</Extensions>
    </Filter>
    <Filter Include="头文件">
      <UniqueIdentifier>{93995380-89BD-4b04-88EB-625FBE52EBFB}</UniqueIdentifier>
      <Extensions>h;hpp;hxx;hm;inl;inc;xsd</Extensions>
    </Filter>
    <Filter Include="资源文件">
      <UniqueIdentifier>{67DA6AB6-F800-4c08-8B7A-83BB121AAD01}</UniqueIdentifier>
      <Extensions>rc;ico;cur;bmp;dlg;rc2;rct;bin;rgs;gif;jpg;jpeg;jpe;resx;tiff;tif;png;wav;mfcribbon-ms</Extensions>
    </Filter>
  </ItemGroup>
  <ItemGroup>
    <None Include="ReadMe.txt" />
    <None Include="res\JWGL.rc2">
      <Filter>资源文件</Filter>
    </None>
    <None Include="res\JWGL.ico">
      <Filter>资源文件</Filter>
    </None>
    <None Include="001.bmp">
      <Filter>资源文件</Filter>
    </None>
  </ItemGroup>
  <ItemGroup>
    <ClInclude Include="JWGL.h">
      <Filter>头文件</Filter>
    </ClInclude>
    <ClInclude Include="JWGLDlg.h">
      <Filter>头文件</Filter>
    </ClInclude>
    <ClInclude Include="stdafx.h">
      <Filter>头文件</Filter>
    </ClInclude>
    <ClInclude Include="targetver.h">
      <Filter>头文件</Filter>
    </ClInclude>
    <ClInclude Include="Resource.h">
      <Filter>头文件</Filter>
    </ClInclude>
    <ClInclude Include="TIP1.h">
      <Filter>头文件</Filter>
    </ClInclude>
    <ClInclude Include="TIP2.h">
      <Filter>头文件</Filter>
    </ClInclude>
    <ClInclude Include="TIP3.h">
      <Filter>头文件</Filter>
    </ClInclude>
    <ClInclude Include="BGPage1.h">
      <Filter>头文件</Filter>
    </ClInclude>
    <ClInclude Include="BGPage2.h">
      <Filter>头文件</Filter>
    </ClInclude>
    <ClInclude Include="BGPage3.h">
      <Filter>头文件</Filter>
    </ClInclude>
    <ClInclude Include="BGPage4.h">
      <Filter>头文件</Filter>
    </ClInclude>
    <ClInclude Include="BGPage5.h">
      <Filter>头文件</Filter>
    </ClInclude>
    <ClInclude Include="BGWindow.h">
      <Filter>头文件</Filter>
    </ClInclude>
    <ClInclude Include="TeacherPage1.h">
      <Filter>头文件</Filter>
    </ClInclude>
    <ClInclude Include="TeacherPage2.h">
      <Filter>头文件</Filter>
    </ClInclude>
    <ClInclude Include="TeacherPage3.h">
      <Filter>头文件</Filter>
    </ClInclude>
    <ClInclude Include="StudentPage1.h">
      <Filter>头文件</Filter>
    </ClInclude>
    <ClInclude Include="StudentPage2.h">
      <Filter>头文件</Filter>
    </ClInclude>
    <ClInclude Include="StudentPage3.h">
      <Filter>头文件</Filter>
    </ClInclude>
    <ClInclude Include="StudentPage4.h">
      <Filter>头文件</Filter>
    </ClInclude>
    <ClInclude Include="StudentWindow.h">
      <Filter>头文件</Filter>
    </ClInclude>
    <ClInclude Include="TeacherWindow.h">
      <Filter>头文件</Filter>
    </ClInclude>
    <ClInclude Include="TeacherAddCourseWindow.h">
      <Filter>头文件</Filter>
    </ClInclude>
    <ClInclude Include="StudentMessageForTeacherWindow.h">
      <Filter>头文件</Filter>
    </ClInclude>
    <ClInclude Include="TeacherMessageForStudentWindow.h">
      <Filter>头文件</Filter>
    </ClInclude>
    <ClInclude Include="BGAddTeacherUser.h">
      <Filter>头文件</Filter>
    </ClInclude>
    <ClInclude Include="BGAddStudentUser.h">
      <Filter>头文件</Filter>
    </ClInclude>
    <ClInclude Include="BGModifyTeacherInfoemation.h">
      <Filter>头文件</Filter>
    </ClInclude>
    <ClInclude Include="BGModifyStudentInformation.h">
      <Filter>头文件</Filter>
    </ClInclude>
    <ClInclude Include="BGSeeTeacherInformation.h">
      <Filter>头文件</Filter>
    </ClInclude>
    <ClInclude Include="BGSeeStudentInformation.h">
      <Filter>头文件</Filter>
    </ClInclude>
    <ClInclude Include="SDModifySDPassword.h">
      <Filter>头文件</Filter>
    </ClInclude>
    <ClInclude Include="TeacherPage4.h">
      <Filter>头文件</Filter>
    </ClInclude>
    <ClInclude Include="TeacherModifyPassword.h">
      <Filter>头文件</Filter>
    </ClInclude>
    <ClInclude Include="ClassStudent.h">
      <Filter>头文件</Filter>
    </ClInclude>
    <ClInclude Include="ClassTeacher.h">
      <Filter>头文件</Filter>
    </ClInclude>
    <ClInclude Include="BGSearchSDFuzzy.h">
      <Filter>头文件</Filter>
    </ClInclude>
    <ClInclude Include="ClassCourseAndMessage.h">
      <Filter>头文件</Filter>
    </ClInclude>
    <ClInclude Include="BGSearchTCFuzzy.h">
      <Filter>头文件</Filter>
    </ClInclude>
    <ClInclude Include="TeacherScoreAdd.h">
      <Filter>头文件</Filter>
    </ClInclude>
    <ClInclude Include="TeacherScoreModify.h">
      <Filter>头文件</Filter>
    </ClInclude>
    <ClInclude Include="TeacherScoreSee.h">
      <Filter>头文件</Filter>
    </ClInclude>
    <ClInclude Include="TeacherScoreSearch.h">
      <Filter>头文件</Filter>
    </ClInclude>
    <ClInclude Include="BGStat.h">
      <Filter>头文件</Filter>
    </ClInclude>
  </ItemGroup>
  <ItemGroup>
    <ClCompile Include="JWGL.cpp">
      <Filter>源文件</Filter>
    </ClCompile>
    <ClCompile Include="JWGLDlg.cpp">
      <Filter>源文件</Filter>
    </ClCompile>
    <ClCompile Include="stdafx.cpp">
      <Filter>源文件</Filter>
    </ClCompile>
    <ClCompile Include="TIP1.cpp">
      <Filter>源文件</Filter>
    </ClCompile>
    <ClCompile Include="TIP2.cpp">
      <Filter>源文件</Filter>
    </ClCompile>
    <ClCompile Include="TIP3.cpp">
      <Filter>源文件</Filter>
    </ClCompile>
    <ClCompile Include="BGPage1.cpp">
      <Filter>源文件</Filter>
    </ClCompile>
    <ClCompile Include="BGPage2.cpp">
      <Filter>源文件</Filter>
    </ClCompile>
    <ClCompile Include="BGPage3.cpp">
      <Filter>源文件</Filter>
    </ClCompile>
    <ClCompile Include="BGPage4.cpp">
      <Filter>源文件</Filter>
    </ClCompile>
    <ClCompile Include="BGPage5.cpp">
      <Filter>源文件</Filter>
    </ClCompile>
    <ClCompile Include="BGWindow.cpp">
      <Filter>源文件</Filter>
    </ClCompile>
    <ClCompile Include="TeacherPage1.cpp">
      <Filter>源文件</Filter>
    </ClCompile>
    <ClCompile Include="TeacherPage2.cpp">
      <Filter>源文件</Filter>
    </ClCompile>
    <ClCompile Include="TeacherPage3.cpp">
      <Filter>源文件</Filter>
    </ClCompile>
    <ClCompile Include="StudentPage1.cpp">
      <Filter>源文件</Filter>
    </ClCompile>
    <ClCompile Include="StudentPage2.cpp">
      <Filter>源文件</Filter>
    </ClCompile>
    <ClCompile Include="StudentPage3.cpp">
      <Filter>源文件</Filter>
    </ClCompile>
    <ClCompile Include="StudentPage4.cpp">
      <Filter>源文件</Filter>
    </ClCompile>
    <ClCompile Include="StudentWindow.cpp">
      <Filter>源文件</Filter>
    </ClCompile>
    <ClCompile Include="TeacherWindow.cpp">
      <Filter>源文件</Filter>
    </ClCompile>
    <ClCompile Include="TeacherAddCourseWindow.cpp">
      <Filter>源文件</Filter>
    </ClCompile>
    <ClCompile Include="StudentMessageForTeacherWindow.cpp">
      <Filter>源文件</Filter>
    </ClCompile>
    <ClCompile Include="TeacherMessageForStudentWindow.cpp">
      <Filter>源文件</Filter>
    </ClCompile>
    <ClCompile Include="BGAddTeacherUser.cpp">
      <Filter>源文件</Filter>
    </ClCompile>
    <ClCompile Include="BGAddStudentUser.cpp">
      <Filter>源文件</Filter>
    </ClCompile>
    <ClCompile Include="BGModifyTeacherInfoemation.cpp">
      <Filter>源文件</Filter>
    </ClCompile>
    <ClCompile Include="BGModifyStudentInformation.cpp">
      <Filter>源文件</Filter>
    </ClCompile>
    <ClCompile Include="BGSeeTeacherInformation.cpp">
      <Filter>源文件</Filter>
    </ClCompile>
    <ClCompile Include="BGSeeStudentInformation.cpp">
      <Filter>源文件</Filter>
    </ClCompile>
    <ClCompile Include="SDModifySDPassword.cpp">
      <Filter>源文件</Filter>
    </ClCompile>
    <ClCompile Include="TeacherPage4.cpp">
      <Filter>源文件</Filter>
    </ClCompile>
    <ClCompile Include="TeacherModifyPassword.cpp">
      <Filter>源文件</Filter>
    </ClCompile>
    <ClCompile Include="BGSearchSDFuzzy.cpp">
      <Filter>源文件</Filter>
    </ClCompile>
    <ClCompile Include="BGSearchTCFuzzy.cpp">
      <Filter>源文件</Filter>
    </ClCompile>
    <ClCompile Include="TeacherScoreAdd.cpp">
      <Filter>源文件</Filter>
    </ClCompile>
    <ClCompile Include="TeacherScoreModify.cpp">
      <Filter>源文件</Filter>
    </ClCompile>
    <ClCompile Include="TeacherScoreSee.cpp">
      <Filter>源文件</Filter>
    </ClCompile>
    <ClCompile Include="TeacherScoreSearch.cpp">
      <Filter>源文件</Filter>
    </ClCompile>
    <ClCompile Include="BGStat.cpp">
      <Filter>源文件</Filter>
    </ClCompile>
  </ItemGroup>
  <ItemGroup>
    <ResourceCompile Include="JWGL.rc">
      <Filter>资源文件</Filter>
    </ResourceCompile>
  </ItemGroup>
</Project>