
Microsoft Visual Studio Solution File, Format Version 11.00
# Visual Studio 2010
Project("{8BC9CEB8-8B4A-11D0-8D11-00A0C91BC942}") = "Sort", "Sort\Sort.vcxproj", "{C75BCAF2-374B-48C0-AAF6-81FAF7F29950}"
EndProject
Global
	GlobalSection(SolutionConfigurationPlatforms) = preSolution
		Debug|Win32 = Debug|Win32
		Release|Win32 = Release|Win32
	EndGlobalSection
	GlobalSection(ProjectConfigurationPlatforms) = postSolution
		{C75BCAF2-374B-48C0-AAF6-81FAF7F29950}.Debug|Win32.ActiveCfg = Debug|Win32
		{C75BCAF2-374B-48C0-AAF6-81FAF7F29950}.Debug|Win32.Build.0 = Debug|Win32
		{C75BCAF2-374B-48C0-AAF6-81FAF7F29950}.Release|Win32.ActiveCfg = Release|Win32
		{C75BCAF2-374B-48C0-AAF6-81FAF7F29950}.Release|Win32.Build.0 = Release|Win32
	EndGlobalSection
	GlobalSection(SolutionProperties) = preSolution
		HideSolutionNode = FALSE
	EndGlobalSection
EndGlobal
