
Microsoft Visual Studio Solution File, Format Version 11.00
# Visual Studio 2010
Project("{8BC9CEB8-8B4A-11D0-8D11-00A0C91BC942}") = "city", "city\city.vcxproj", "{E3433B4E-6CC3-4110-A809-7C628665EA81}"
EndProject
Global
	GlobalSection(SolutionConfigurationPlatforms) = preSolution
		Debug|Win32 = Debug|Win32
		Release|Win32 = Release|Win32
	EndGlobalSection
	GlobalSection(ProjectConfigurationPlatforms) = postSolution
		{E3433B4E-6CC3-4110-A809-7C628665EA81}.Debug|Win32.ActiveCfg = Debug|Win32
		{E3433B4E-6CC3-4110-A809-7C628665EA81}.Debug|Win32.Build.0 = Debug|Win32
		{E3433B4E-6CC3-4110-A809-7C628665EA81}.Release|Win32.ActiveCfg = Release|Win32
		{E3433B4E-6CC3-4110-A809-7C628665EA81}.Release|Win32.Build.0 = Release|Win32
	EndGlobalSection
	GlobalSection(SolutionProperties) = preSolution
		HideSolutionNode = FALSE
	EndGlobalSection
EndGlobal
