
Microsoft Visual Studio Solution File, Format Version 11.00
# Visual Studio 2010
Project("{8BC9CEB8-8B4A-11D0-8D11-00A0C91BC942}") = "BiTree", "BiTree\BiTree.vcxproj", "{C4161C4B-2DCE-4233-8B81-ED8C6F965BD5}"
EndProject
Global
	GlobalSection(SolutionConfigurationPlatforms) = preSolution
		Debug|Win32 = Debug|Win32
		Release|Win32 = Release|Win32
	EndGlobalSection
	GlobalSection(ProjectConfigurationPlatforms) = postSolution
		{C4161C4B-2DCE-4233-8B81-ED8C6F965BD5}.Debug|Win32.ActiveCfg = Debug|Win32
		{C4161C4B-2DCE-4233-8B81-ED8C6F965BD5}.Debug|Win32.Build.0 = Debug|Win32
		{C4161C4B-2DCE-4233-8B81-ED8C6F965BD5}.Release|Win32.ActiveCfg = Release|Win32
		{C4161C4B-2DCE-4233-8B81-ED8C6F965BD5}.Release|Win32.Build.0 = Release|Win32
	EndGlobalSection
	GlobalSection(SolutionProperties) = preSolution
		HideSolutionNode = FALSE
	EndGlobalSection
EndGlobal
